// !$*UTF8*$!
{
	archiveVersion = 1;
	classes = {
	};
	objectVersion = 50;
	objects = {

/* Begin PBXBuildFile section */
		FCC45E9B22F3889800796669 /* AppDelegate.swift in Sources */ = {isa = PBXBuildFile; fileRef = FCC45E9A22F3889800796669 /* AppDelegate.swift */; };
		FCC45E9D22F3889800796669 /* ViewController.swift in Sources */ = {isa = PBXBuildFile; fileRef = FCC45E9C22F3889800796669 /* ViewController.swift */; };
		FCC45EA022F3889800796669 /* Main.storyboard in Resources */ = {isa = PBXBuildFile; fileRef = FCC45E9E22F3889800796669 /* Main.storyboard */; };
		FCC45EA322F3889800796669 /* ReceiptLog.xcdatamodeld in Sources */ = {isa = PBXBuildFile; fileRef = FCC45EA122F3889800796669 /* ReceiptLog.xcdatamodeld */; };
		FCC45EA522F3889900796669 /* Assets.xcassets in Resources */ = {isa = PBXBuildFile; fileRef = FCC45EA422F3889900796669 /* Assets.xcassets */; };
		FCC45EA822F3889900796669 /* LaunchScreen.storyboard in Resources */ = {isa = PBXBuildFile; fileRef = FCC45EA622F3889900796669 /* LaunchScreen.storyboard */; };
/* End PBXBuildFile section */

/* Begin PBXFileReference section */
		FCC45E9722F3889800796669 /* ReceiptLog.app */ = {isa = PBXFileReference; explicitFileType = wrapper.application; includeInIndex = 0; path = ReceiptLog.app; sourceTree = BUILT_PRODUCTS_DIR; };
		FCC45E9A22F3889800796669 /* AppDelegate.swift */ = {isa = PBXFileReference; lastKnownFileType = sourcecode.swift; path = AppDelegate.swift; sourceTree = "<group>"; };
		FCC45E9C22F3889800796669 /* ViewController.swift */ = {isa = PBXFileReference; lastKnownFileType = sourcecode.swift; path = ViewController.swift; sourceTree = "<group>"; };
		FCC45E9F22F3889800796669 /* Base */ = {isa = PBXFileReference; lastKnownFileType = file.storyboard; name = Base; path = Base.lproj/Main.storyboard; sourceTree = "<group>"; };
		FCC45EA222F3889800796669 /* ReceiptLog.xcdatamodel */ = {isa = PBXFileReference; lastKnownFileType = wrapper.xcdatamodel; path = ReceiptLog.xcdatamodel; sourceTree = "<group>"; };
		FCC45EA422F3889900796669 /* Assets.xcassets */ = {isa = PBXFileReference; lastKnownFileType = folder.assetcatalog; path = Assets.xcassets; sourceTree = "<group>"; };
		FCC45EA722F3889900796669 /* Base */ = {isa = PBXFileReference; lastKnownFileType = file.storyboard; name = Base; path = Base.lproj/LaunchScreen.storyboard; sourceTree = "<group>"; };
		FCC45EA922F3889900796669 /* Info.plist */ = {isa = PBXFileReference; lastKnownFileType = text.plist.xml; path = Info.plist; sourceTree = "<group>"; };
/* End PBXFileReference section */

/* Begin PBXFrameworksBuildPhase section */
		FCC45E9422F3889800796669 /* Frameworks */ = {
			isa = PBXFrameworksBuildPhase;
			buildActionMask = 2147483647;
			files = (
			);
			runOnlyForDeploymentPostprocessing = 0;
		};
/* End PBXFrameworksBuildPhase section */

/* Begin PBXGroup section */
		FCC45E8E22F3889800796669 = {
			isa = PBXGroup;
			children = (
				FCC45E9922F3889800796669 /* ReceiptLog */,
				FCC45E9822F3889800796669 /* Products */,
			);
			sourceTree = "<group>";
		};
		FCC45E9822F3889800796669 /* Products */ = {
			isa = PBXGroup;
			children = (
				FCC45E9722F3889800796669 /* ReceiptLog.app */,
			);
			name = Products;
			sourceTree = "<group>";
		};
		FCC45E9922F3889800796669 /* ReceiptLog */ = {
			isa = PBXGroup;
			children = (
				FCC45E9A22F3889800796669 /* AppDelegate.swift */,
				FCC45E9C22F3889800796669 /* ViewController.swift */,
				FCC45E9E22F3889800796669 /* Main.storyboard */,
				FCC45EA422F3889900796669 /* Assets.xcassets */,
				FCC45EA622F3889900796669 /* LaunchScreen.storyboard */,
				FCC45EA922F3889900796669 /* Info.plist */,
				FCC45EA122F3889800796669 /* ReceiptLog.xcdatamodeld */,
			);
			path = ReceiptLog;
			sourceTree = "<group>";
		};
/* End PBXGroup section */

/* Begin PBXNativeTarget section */
		FCC45E9622F3889800796669 /* ReceiptLog */ = {
			isa = PBXNativeTarget;
			buildConfigurationList = FCC45EAC22F3889900796669 /* Build configuration list for PBXNativeTarget "ReceiptLog" */;
			buildPhases = (
				FCC45E9322F3889800796669 /* Sources */,
				FCC45E9422F3889800796669 /* Frameworks */,
				FCC45E9522F3889800796669 /* Resources */,
			);
			buildRules = (
			);
			dependencies = (
			);
			name = ReceiptLog;
			productName = ReceiptLog;
			productReference = FCC45E9722F3889800796669 /* ReceiptLog.app */;
			productType = "com.apple.product-type.application";
		};
/* End PBXNativeTarget section */

/* Begin PBXProject section */
		FCC45E8F22F3889800796669 /* Project object */ = {
			isa = PBXProject;
			attributes = {
				LastSwiftUpdateCheck = 1020;
				LastUpgradeCheck = 1020;
				ORGANIZATIONNAME = "Shiva Kavya";
				TargetAttributes = {
					FCC45E9622F3889800796669 = {
						CreatedOnToolsVersion = 10.2;
					};
				};
			};
			buildConfigurationList = FCC45E9222F3889800796669 /* Build configuration list for PBXProject "ReceiptLog" */;
			compatibilityVersion = "Xcode 9.3";
			developmentRegion = en;
			hasScannedForEncodings = 0;
			knownRegions = (
				en,
				Base,
			);
			mainGroup = FCC45E8E22F3889800796669;
			productRefGroup = FCC45E9822F3889800796669 /* Products */;
			projectDirPath = "";
			projectRoot = "";
			targets = (
				FCC45E9622F3889800796669 /* ReceiptLog */,
			);
		};
/* End PBXProject section */

/* Begin PBXResourcesBuildPhase section */
		FCC45E9522F3889800796669 /* Resources */ = {
			isa = PBXResourcesBuildPhase;
			buildActionMask = 2147483647;
			files = (
				FCC45EA822F3889900796669 /* LaunchScreen.storyboard in Resources */,
				FCC45EA522F3889900796669 /* Assets.xcassets in Resources */,
				FCC45EA022F3889800796669 /* Main.storyboard in Resources */,
			);
			runOnlyForDeploymentPostprocessing = 0;
		};
/* End PBXResourcesBuildPhase section */

/* Begin PBXSourcesBuildPhase section */
		FCC45E9322F3889800796669 /* Sources */ = {
			isa = PBXSourcesBuildPhase;
			buildActionMask = 2147483647;
			files = (
				FCC45E9D22F3889800796669 /* ViewController.swift in Sources */,
				FCC45E9B22F3889800796669 /* AppDelegate.swift in Sources */,
				FCC45EA322F3889800796669 /* ReceiptLog.xcdatamodeld in Sources */,
			);
			runOnlyForDeploymentPostprocessing = 0;
		};
/* End PBXSourcesBuildPhase section */

/* Begin PBXVariantGroup section */
		FCC45E9E22F3889800796669 /* Main.storyboard */ = {
			isa = PBXVariantGroup;
			children = (
				FCC45E9F22F3889800796669 /* Base */,
			);
			name = Main.storyboard;
			sourceTree = "<group>";
		};
		FCC45EA622F3889900796669 /* LaunchScreen.storyboard */ = {
			isa = PBXVariantGroup;
			children = (
				FCC45EA722F3889900796669 /* Base */,
			);
			name = LaunchScreen.storyboard;
			sourceTree = "<group>";
		};
/* End PBXVariantGroup section */

/* Begin XCBuildConfiguration section */
		FCC45EAA22F3889900796669 /* Debug */ = {
			isa = XCBuildConfiguration;
			buildSettings = {
				ALWAYS_SEARCH_USER_PATHS = NO;
				CLANG_ANALYZER_NONNULL = YES;
				CLANG_ANALYZER_NUMBER_OBJECT_CONVERSION = YES_AGGRESSIVE;
				CLANG_CXX_LANGUAGE_STANDARD = "gnu++14";
				CLANG_CXX_LIBRARY = "libc++";
				CLANG_ENABLE_MODULES = YES;
				CLANG_ENABLE_OBJC_ARC = YES;
				CLANG_ENABLE_OBJC_WEAK = YES;
				CLANG_WARN_BLOCK_CAPTURE_AUTORELEASING = YES;
				CLANG_WARN_BOOL_CONVERSION = YES;
				CLANG_WARN_COMMA = YES;
				CLANG_WARN_CONSTANT_CONVERSION = YES;
				CLANG_WARN_DEPRECATED_OBJC_IMPLEMENTATIONS = YES;
				CLANG_WARN_DIRECT_OBJC_ISA_USAGE = YES_ERROR;
				CLANG_WARN_DOCUMENTATION_COMMENTS = YES;
				CLANG_WARN_EMPTY_BODY = YES;
				CLANG_WARN_ENUM_CONVERSION = YES;
				CLANG_WARN_INFINITE_RECURSION = YES;
				CLANG_WARN_INT_CONVERSION = YES;
				CLANG_WARN_NON_LITERAL_NULL_CONVERSION = YES;
				CLANG_WARN_OBJC_IMPLICIT_RETAIN_SELF = YES;
				CLANG_WARN_OBJC_LITERAL_CONVERSION = YES;
				CLANG_WARN_OBJC_ROOT_CLASS = YES_ERROR;
				CLANG_WARN_RANGE_LOOP_ANALYSIS = YES;
				CLANG_WARN_STRICT_PROTOTYPES = YES;
				CLANG_WARN_SUSPICIOUS_MOVE = YES;
				CLANG_WARN_UNGUARDED_AVAILABILITY = YES_AGGRESSIVE;
				CLANG_WARN_UNREACHABLE_CODE = YES;
				CLANG_WARN__DUPLICATE_METHOD_MATCH = YES;
				CODE_SIGN_IDENTITY = "iPhone Developer";
				COPY_PHASE_STRIP = NO;
				DEBUG_INFORMATION_FORMAT = dwarf;
				ENABLE_STRICT_OBJC_MSGSEND = YES;
				ENABLE_TESTABILITY = YES;
				GCC_C_LANGUAGE_STANDARD = gnu11;
				GCC_DYNAMIC_NO_PIC = NO;
				GCC_NO_COMMON_BLOCKS = YES;
				GCC_OPTIMIZATION_LEVEL = 0;
				GCC_PREPROCESSOR_DEFINITIONS = (
					"DEBUG=1",
					"$(inherited)",
				);
				GCC_WARN_64_TO_32_BIT_CONVERSION = YES;
				GCC_WARN_ABOUT_RETURN_TYPE = YES_ERROR;
				GCC_WARN_UNDECLARED_SELECTOR = YES;
				GCC_WARN_UNINITIALIZED_AUTOS = YES_AGGRESSIVE;
				GCC_WARN_UNUSED_FUNCTION = YES;
				GCC_WARN_UNUSED_VARIABLE = YES;
				IPHONEOS_DEPLOYMENT_TARGET = 12.2;
				MTL_ENABLE_DEBUG_INFO = INCLUDE_SOURCE;
				MTL_FAST_MATH = YES;
				ONLY_ACTIVE_ARCH = YES;
				SDKROOT = iphoneos;
				SWIFT_ACTIVE_COMPILATION_CONDITIONS = DEBUG;
				SWIFT_OPTIMIZATION_LEVEL = "-Onone";
			};
			name = Debug;
		};
		FCC45EAB22F3889900796669 /* Release */ = {
			isa = XCBuildConfiguration;
			buildSettings = {
				ALWAYS_SEARCH_USER_PATHS = NO;
				CLANG_ANALYZER_NONNULL = YES;
				CLANG_ANALYZER_NUMBER_OBJECT_CONVERSION = YES_AGGRESSIVE;
				CLANG_CXX_LANGUAGE_STANDARD = "gnu++14";
				CLANG_CXX_LIBRARY = "libc++";
				CLANG_ENABLE_MODULES = YES;
				CLANG_ENABLE_OBJC_ARC = YES;
				CLANG_ENABLE_OBJC_WEAK = YES;
				CLANG_WARN_BLOCK_CAPTURE_AUTORELEASING = YES;
				CLANG_WARN_BOOL_CONVERSION = YES;
				CLANG_WARN_COMMA = YES;
				CLANG_WARN_CONSTANT_CONVERSION = YES;
				CLANG_WARN_DEPRECATED_OBJC_IMPLEMENTATIONS = YES;
				CLANG_WARN_DIRECT_OBJC_ISA_USAGE = YES_ERROR;
				CLANG_WARN_DOCUMENTATION_COMMENTS = YES;
				CLANG_WARN_EMPTY_BODY = YES;
				CLANG_WARN_ENUM_CONVERSION = YES;
				CLANG_WARN_INFINITE_RECURSION = YES;
				CLANG_WARN_INT_CONVERSION = YES;
				CLANG_WARN_NON_LITERAL_NULL_CONVERSION = YES;
				CLANG_WARN_OBJC_IMPLICIT_RETAIN_SELF = YES;
				CLANG_WARN_OBJC_LITERAL_CONVERSION = YES;
				CLANG_WARN_OBJC_ROOT_CLASS = YES_ERROR;
				CLANG_WARN_RANGE_LOOP_ANALYSIS = YES;
				CLANG_WARN_STRICT_PROTOTYPES = YES;
				CLANG_WARN_SUSPICIOUS_MOVE = YES;
				CLANG_WARN_UNGUARDED_AVAILABILITY = YES_AGGRESSIVE;
				CLANG_WARN_UNREACHABLE_CODE = YES;
				CLANG_WARN__DUPLICATE_METHOD_MATCH = YES;
				CODE_SIGN_IDENTITY = "iPhone Developer";
				COPY_PHASE_STRIP = NO;
				DEBUG_INFORMATION_FORMAT = "dwarf-with-dsym";
				ENABLE_NS_ASSERTIONS = NO;
				ENABLE_STRICT_OBJC_MSGSEND = YES;
				GCC_C_LANGUAGE_STANDARD = gnu11;
				GCC_NO_COMMON_BLOCKS = YES;
				GCC_WARN_64_TO_32_BIT_CONVERSION = YES;
				GCC_WARN_ABOUT_RETURN_TYPE = YES_ERROR;
				GCC_WARN_UNDECLARED_SELECTOR = YES;
				GCC_WARN_UNINITIALIZED_AUTOS = YES_AGGRESSIVE;
				GCC_WARN_UNUSED_FUNCTION = YES;
				GCC_WARN_UNUSED_VARIABLE = YES;
				IPHONEOS_DEPLOYMENT_TARGET = 12.2;
				MTL_ENABLE_DEBUG_INFO = NO;
				MTL_FAST_MATH = YES;
				SDKROOT = iphoneos;
				SWIFT_COMPILATION_MODE = wholemodule;
				SWIFT_OPTIMIZATION_LEVEL = "-O";
				VALIDATE_PRODUCT = YES;
			};
			name = Release;
		};
		FCC45EAD22F3889900796669 /* Debug */ = {
			isa = XCBuildConfiguration;
			buildSettings = {
				ASSETCATALOG_COMPILER_APPICON_NAME = AppIcon;
				CODE_SIGN_STYLE = Automatic;
				DEVELOPMENT_TEAM = C6P6TUNGK7;
				INFOPLIST_FILE = ReceiptLog/Info.plist;
				LD_RUNPATH_SEARCH_PATHS = (
					"$(inherited)",
					"@executable_path/Frameworks",
				);
				PRODUCT_BUNDLE_IDENTIFIER = com.example.ReceiptLog;
				PRODUCT_NAME = "$(TARGET_NAME)";
				SWIFT_VERSION = 5.0;
				TARGETED_DEVICE_FAMILY = "1,2";
			};
			name = Debug;
		};
		FCC45EAE22F3889900796669 /* Release */ = {
			isa = XCBuildConfiguration;
			buildSettings = {
				ASSETCATALOG_COMPILER_APPICON_NAME = AppIcon;
				CODE_SIGN_STYLE = Automatic;
				DEVELOPMENT_TEAM = C6P6TUNGK7;
				INFOPLIST_FILE = ReceiptLog/Info.plist;
				LD_RUNPATH_SEARCH_PATHS = (
					"$(inherited)",
					"@executable_path/Frameworks",
				);
				PRODUCT_BUNDLE_IDENTIFIER = com.example.ReceiptLog;
				PRODUCT_NAME = "$(TARGET_NAME)";
				SWIFT_VERSION = 5.0;
				TARGETED_DEVICE_FAMILY = "1,2";
			};
			name = Release;
		};
/* End XCBuildConfiguration section */

/* Begin XCConfigurationList section */
		FCC45E9222F3889800796669 /* Build configuration list for PBXProject "ReceiptLog" */ = {
			isa = XCConfigurationList;
			buildConfigurations = (
				FCC45EAA22F3889900796669 /* Debug */,
				FCC45EAB22F3889900796669 /* Release */,
			);
			defaultConfigurationIsVisible = 0;
			defaultConfigurationName = Release;
		};
		FCC45EAC22F3889900796669 /* Build configuration list for PBXNativeTarget "ReceiptLog" */ = {
			isa = XCConfigurationList;
			buildConfigurations = (
				FCC45EAD22F3889900796669 /* Debug */,
				FCC45EAE22F3889900796669 /* Release */,
			);
			defaultConfigurationIsVisible = 0;
			defaultConfigurationName = Release;
		};
/* End XCConfigurationList section */

/* Begin XCVersionGroup section */
		FCC45EA122F3889800796669 /* ReceiptLog.xcdatamodeld */ = {
			isa = XCVersionGroup;
			children = (
				FCC45EA222F3889800796669 /* ReceiptLog.xcdatamodel */,
			);
			currentVersion = FCC45EA222F3889800796669 /* ReceiptLog.xcdatamodel */;
			path = ReceiptLog.xcdatamodeld;
			sourceTree = "<group>";
			versionGroupType = wrapper.xcdatamodel;
		};
/* End XCVersionGroup section */
	};
	rootObject = FCC45E8F22F3889800796669 /* Project object */;
}
